
Microsoft Visual Studio Solution File, Format Version 12.00
# Visual Studio Version 16
VisualStudioVersion = 16.0.31313.79
MinimumVisualStudioVersion = 10.0.40219.1
Project("{FAE04EC0-301F-11D3-BF4B-00C04F79EFBC}") = "Test_Trigger", "Test_Trigger\Test_Trigger.csproj", "{732AC6BC-7B1C-48D8-9B86-7802F00F826B}"
EndProject
Global
	GlobalSection(SolutionConfigurationPlatforms) = preSolution
		Debug|Any CPU = Debug|Any CPU
		Release|Any CPU = Release|Any CPU
	EndGlobalSection
	GlobalSection(ProjectConfigurationPlatforms) = postSolution
		{732AC6BC-7B1C-48D8-9B86-7802F00F826B}.Debug|Any CPU.ActiveCfg = Debug|Any CPU
		{732AC6BC-7B1C-48D8-9B86-7802F00F826B}.Debug|Any CPU.Build.0 = Debug|Any CPU
		{732AC6BC-7B1C-48D8-9B86-7802F00F826B}.Release|Any CPU.ActiveCfg = Release|Any CPU
		{732AC6BC-7B1C-48D8-9B86-7802F00F826B}.Release|Any CPU.Build.0 = Release|Any CPU
	EndGlobalSection
	GlobalSection(SolutionProperties) = preSolution
		HideSolutionNode = FALSE
	EndGlobalSection
	GlobalSection(ExtensibilityGlobals) = postSolution
		SolutionGuid = {D3974EC2-6E8E-44B7-B831-8019A58830C0}
	EndGlobalSection
EndGlobal
