
Microsoft Visual Studio Solution File, Format Version 12.00
# Visual Studio Version 16
VisualStudioVersion = 16.0.31313.79
MinimumVisualStudioVersion = 10.0.40219.1
Project("{FAE04EC0-301F-11D3-BF4B-00C04F79EFBC}") = "Doviz_Ofisi", "Doviz_Ofisi\Doviz_Ofisi.csproj", "{EF375559-DBE3-4A45-A7C3-B00B946F5DEB}"
EndProject
Global
	GlobalSection(SolutionConfigurationPlatforms) = preSolution
		Debug|Any CPU = Debug|Any CPU
		Release|Any CPU = Release|Any CPU
	EndGlobalSection
	GlobalSection(ProjectConfigurationPlatforms) = postSolution
		{EF375559-DBE3-4A45-A7C3-B00B946F5DEB}.Debug|Any CPU.ActiveCfg = Debug|Any CPU
		{EF375559-DBE3-4A45-A7C3-B00B946F5DEB}.Debug|Any CPU.Build.0 = Debug|Any CPU
		{EF375559-DBE3-4A45-A7C3-B00B946F5DEB}.Release|Any CPU.ActiveCfg = Release|Any CPU
		{EF375559-DBE3-4A45-A7C3-B00B946F5DEB}.Release|Any CPU.Build.0 = Release|Any CPU
	EndGlobalSection
	GlobalSection(SolutionProperties) = preSolution
		HideSolutionNode = FALSE
	EndGlobalSection
	GlobalSection(ExtensibilityGlobals) = postSolution
		SolutionGuid = {0B5C4999-2E86-453A-BFD6-6BD3D41DF8B0}
	EndGlobalSection
EndGlobal
