
Microsoft Visual Studio Solution File, Format Version 12.00
# Visual Studio Version 16
VisualStudioVersion = 16.0.31313.79
MinimumVisualStudioVersion = 10.0.40219.1
Project("{FAE04EC0-301F-11D3-BF4B-00C04F79EFBC}") = "Access_Ingilizce_Kelime_Uygulama", "Access_Ingilizce_Kelime_Uygulama\Access_Ingilizce_Kelime_Uygulama.csproj", "{BDB6E8DD-0E94-4421-95D7-BE12D8273036}"
EndProject
Global
	GlobalSection(SolutionConfigurationPlatforms) = preSolution
		Debug|Any CPU = Debug|Any CPU
		Release|Any CPU = Release|Any CPU
	EndGlobalSection
	GlobalSection(ProjectConfigurationPlatforms) = postSolution
		{BDB6E8DD-0E94-4421-95D7-BE12D8273036}.Debug|Any CPU.ActiveCfg = Debug|Any CPU
		{BDB6E8DD-0E94-4421-95D7-BE12D8273036}.Debug|Any CPU.Build.0 = Debug|Any CPU
		{BDB6E8DD-0E94-4421-95D7-BE12D8273036}.Release|Any CPU.ActiveCfg = Release|Any CPU
		{BDB6E8DD-0E94-4421-95D7-BE12D8273036}.Release|Any CPU.Build.0 = Release|Any CPU
	EndGlobalSection
	GlobalSection(SolutionProperties) = preSolution
		HideSolutionNode = FALSE
	EndGlobalSection
	GlobalSection(ExtensibilityGlobals) = postSolution
		SolutionGuid = {F2733774-3F68-4DAB-89A4-117474FCA5B4}
	EndGlobalSection
EndGlobal
