
Microsoft Visual Studio Solution File, Format Version 12.00
# Visual Studio Version 16
VisualStudioVersion = 16.0.31313.79
MinimumVisualStudioVersion = 10.0.40219.1
Project("{FAE04EC0-301F-11D3-BF4B-00C04F79EFBC}") = "Secim_Istatistik_Grafik_Sistemi", "Secim_Istatistik_Grafik_Sistemi\Secim_Istatistik_Grafik_Sistemi.csproj", "{6FDF7662-30DB-495C-97CA-F480277D1F12}"
EndProject
Global
	GlobalSection(SolutionConfigurationPlatforms) = preSolution
		Debug|Any CPU = Debug|Any CPU
		Release|Any CPU = Release|Any CPU
	EndGlobalSection
	GlobalSection(ProjectConfigurationPlatforms) = postSolution
		{6FDF7662-30DB-495C-97CA-F480277D1F12}.Debug|Any CPU.ActiveCfg = Debug|Any CPU
		{6FDF7662-30DB-495C-97CA-F480277D1F12}.Debug|Any CPU.Build.0 = Debug|Any CPU
		{6FDF7662-30DB-495C-97CA-F480277D1F12}.Release|Any CPU.ActiveCfg = Release|Any CPU
		{6FDF7662-30DB-495C-97CA-F480277D1F12}.Release|Any CPU.Build.0 = Release|Any CPU
	EndGlobalSection
	GlobalSection(SolutionProperties) = preSolution
		HideSolutionNode = FALSE
	EndGlobalSection
	GlobalSection(ExtensibilityGlobals) = postSolution
		SolutionGuid = {909CF311-6EF7-4D2D-883C-754B7B5F5E18}
	EndGlobalSection
EndGlobal
