
Microsoft Visual Studio Solution File, Format Version 12.00
# Visual Studio Version 16
VisualStudioVersion = 16.0.31313.79
MinimumVisualStudioVersion = 10.0.40219.1
Project("{FAE04EC0-301F-11D3-BF4B-00C04F79EFBC}") = "Urun_Takip_Sorgulama", "Urun_Takip_Sorgulama\Urun_Takip_Sorgulama.csproj", "{C522FBE5-C794-43F6-BDD9-951D9CF87C3D}"
EndProject
Global
	GlobalSection(SolutionConfigurationPlatforms) = preSolution
		Debug|Any CPU = Debug|Any CPU
		Release|Any CPU = Release|Any CPU
	EndGlobalSection
	GlobalSection(ProjectConfigurationPlatforms) = postSolution
		{C522FBE5-C794-43F6-BDD9-951D9CF87C3D}.Debug|Any CPU.ActiveCfg = Debug|Any CPU
		{C522FBE5-C794-43F6-BDD9-951D9CF87C3D}.Debug|Any CPU.Build.0 = Debug|Any CPU
		{C522FBE5-C794-43F6-BDD9-951D9CF87C3D}.Release|Any CPU.ActiveCfg = Release|Any CPU
		{C522FBE5-C794-43F6-BDD9-951D9CF87C3D}.Release|Any CPU.Build.0 = Release|Any CPU
	EndGlobalSection
	GlobalSection(SolutionProperties) = preSolution
		HideSolutionNode = FALSE
	EndGlobalSection
	GlobalSection(ExtensibilityGlobals) = postSolution
		SolutionGuid = {42BA789F-1358-40BB-893C-34C9965A4D5A}
	EndGlobalSection
EndGlobal
