
Microsoft Visual Studio Solution File, Format Version 12.00
# Visual Studio Version 16
VisualStudioVersion = 16.0.31313.79
MinimumVisualStudioVersion = 10.0.40219.1
Project("{FAE04EC0-301F-11D3-BF4B-00C04F79EFBC}") = "Bankamatik", "Bankamatik\Bankamatik.csproj", "{794257AE-9EF6-49C5-81D8-2134EF93647C}"
EndProject
Global
	GlobalSection(SolutionConfigurationPlatforms) = preSolution
		Debug|Any CPU = Debug|Any CPU
		Release|Any CPU = Release|Any CPU
	EndGlobalSection
	GlobalSection(ProjectConfigurationPlatforms) = postSolution
		{794257AE-9EF6-49C5-81D8-2134EF93647C}.Debug|Any CPU.ActiveCfg = Debug|Any CPU
		{794257AE-9EF6-49C5-81D8-2134EF93647C}.Debug|Any CPU.Build.0 = Debug|Any CPU
		{794257AE-9EF6-49C5-81D8-2134EF93647C}.Release|Any CPU.ActiveCfg = Release|Any CPU
		{794257AE-9EF6-49C5-81D8-2134EF93647C}.Release|Any CPU.Build.0 = Release|Any CPU
	EndGlobalSection
	GlobalSection(SolutionProperties) = preSolution
		HideSolutionNode = FALSE
	EndGlobalSection
	GlobalSection(ExtensibilityGlobals) = postSolution
		SolutionGuid = {0E2E5B2F-D02A-4C12-A897-25971866CBAC}
	EndGlobalSection
EndGlobal
